
Microsoft Visual Studio Solution File, Format Version 12.00
# Visual Studio Version 17
VisualStudioVersion = 17.10.35013.160
MinimumVisualStudioVersion = 10.0.40219.1
Project("{FAE04EC0-301F-11D3-BF4B-00C04F79EFBC}") = "Breakfast.Site", "Breakfast.Site\Breakfast.Site.csproj", "{0013635D-66F4-4DD2-8A3F-8705FAADD161}"
EndProject
Project("{FAE04EC0-301F-11D3-BF4B-00C04F79EFBC}") = "BreakfastOrderSystem.Site", "BreakfastOrderSystem.Site\BreakfastOrderSystem.Site.csproj", "{7126A87E-1306-4846-B2FB-A3D41A50A5B0}"
EndProject
Project("{FAE04EC0-301F-11D3-BF4B-00C04F79EFBC}") = "User.Site", "User.Site\User.Site.csproj", "{E76FF470-37E0-4C1B-857C-5F812D1EE756}"
EndProject
Global
	GlobalSection(SolutionConfigurationPlatforms) = preSolution
		Debug|Any CPU = Debug|Any CPU
		Release|Any CPU = Release|Any CPU
	EndGlobalSection
	GlobalSection(ProjectConfigurationPlatforms) = postSolution
		{0013635D-66F4-4DD2-8A3F-8705FAADD161}.Debug|Any CPU.ActiveCfg = Debug|Any CPU
		{0013635D-66F4-4DD2-8A3F-8705FAADD161}.Debug|Any CPU.Build.0 = Debug|Any CPU
		{0013635D-66F4-4DD2-8A3F-8705FAADD161}.Release|Any CPU.ActiveCfg = Release|Any CPU
		{0013635D-66F4-4DD2-8A3F-8705FAADD161}.Release|Any CPU.Build.0 = Release|Any CPU
		{7126A87E-1306-4846-B2FB-A3D41A50A5B0}.Debug|Any CPU.ActiveCfg = Debug|Any CPU
		{7126A87E-1306-4846-B2FB-A3D41A50A5B0}.Debug|Any CPU.Build.0 = Debug|Any CPU
		{7126A87E-1306-4846-B2FB-A3D41A50A5B0}.Release|Any CPU.ActiveCfg = Release|Any CPU
		{7126A87E-1306-4846-B2FB-A3D41A50A5B0}.Release|Any CPU.Build.0 = Release|Any CPU
		{E76FF470-37E0-4C1B-857C-5F812D1EE756}.Debug|Any CPU.ActiveCfg = Debug|Any CPU
		{E76FF470-37E0-4C1B-857C-5F812D1EE756}.Debug|Any CPU.Build.0 = Debug|Any CPU
		{E76FF470-37E0-4C1B-857C-5F812D1EE756}.Release|Any CPU.ActiveCfg = Release|Any CPU
		{E76FF470-37E0-4C1B-857C-5F812D1EE756}.Release|Any CPU.Build.0 = Release|Any CPU
	EndGlobalSection
	GlobalSection(SolutionProperties) = preSolution
		HideSolutionNode = FALSE
	EndGlobalSection
	GlobalSection(ExtensibilityGlobals) = postSolution
		SolutionGuid = {8655AF70-6197-4792-A6ED-3DD0395A415C}
	EndGlobalSection
EndGlobal
